{
    "_readme": [
        "This file locks the dependencies of your project to a known state",
        "Read more about it at https://getcomposer.org/doc/01-basic-usage.md#composer-lock-the-lock-file",
        "This file is @generated automatically"
    ],
    "content-hash": "69eb2f23910bb0f612a8088d8230204c",
    "packages": [
        {
            "name": "gabordemooij/redbean",
            "version": "v5.5",
            "source": {
                "type": "git",
                "url": "https://github.com/gabordemooij/redbean.git",
                "reference": "8b8326f7dbe8023675b0d1936df4800fe0cce0b3"
            },
            "dist": {
                "type": "zip",
                "url": "https://api.github.com/repos/gabordemooij/redbean/zipball/8b8326f7dbe8023675b0d1936df4800fe0cce0b3",
                "reference": "8b8326f7dbe8023675b0d1936df4800fe0cce0b3",
                "shasum": ""
            },
            "require": {
                "php": ">=5.3.4"
            },
            "type": "library",
            "autoload": {
                "psr-4": {
                    "RedBeanPHP\\": "RedBeanPHP"
                }
            },
            "notification-url": "https://packagist.org/downloads/",
            "license": [
                "BSD-3-Clause"
            ],
            "authors": [
                {
                    "name": "Gabor de Mooij",
                    "email": "gabor@redbeanphp.com",
                    "homepage": "https://redbeanphp.com"
                }
            ],
            "description": "RedBeanPHP ORM",
            "homepage": "https://redbeanphp.com/",
            "keywords": [
                "orm"
            ],
            "time": "2020-04-26T13:31:18+00:00"
        },
        {
            "name": "izniburak/router",
            "version": "v1.5.3",
            "source": {
                "type": "git",
                "url": "https://github.com/izniburak/php-router.git",
                "reference": "8c2095bad76f481608ea293b98c00c4d39d215ef"
            },
            "dist": {
                "type": "zip",
                "url": "https://api.github.com/repos/izniburak/php-router/zipball/8c2095bad76f481608ea293b98c00c4d39d215ef",
                "reference": "8c2095bad76f481608ea293b98c00c4d39d215ef",
                "shasum": ""
            },
            "require": {
                "php": ">=5.5.0"
            },
            "require-dev": {
                "guzzlehttp/guzzle": "^5.3",
                "phpunit/phpunit": "^4.8 || ^5.7 || ^6.5 || ^7.0"
            },
            "type": "library",
            "autoload": {
                "psr-4": {
                    "Buki\\": "src"
                }
            },
            "notification-url": "https://packagist.org/downloads/",
            "license": [
                "MIT"
            ],
            "authors": [
                {
                    "name": "İzni Burak Demirtaş",
                    "email": "info@burakdemirtas.org",
                    "homepage": "http://burakdemirtas.org"
                }
            ],
            "description": "simple router class for php",
            "homepage": "https://github.com/izniburak/php-router",
            "keywords": [
                "Simple",
                "php",
                "route",
                "router"
            ],
            "time": "2020-02-05T21:51:17+00:00"
        },
        {
            "name": "twbs/bootstrap",
            "version": "v4.0.0",
            "source": {
                "type": "git",
                "url": "https://github.com/twbs/bootstrap.git",
                "reference": "8a628b943cf31ca0a002c08af661a95772480225"
            },
            "dist": {
                "type": "zip",
                "url": "https://api.github.com/repos/twbs/bootstrap/zipball/8a628b943cf31ca0a002c08af661a95772480225",
                "reference": "8a628b943cf31ca0a002c08af661a95772480225",
                "shasum": ""
            },
            "replace": {
                "twitter/bootstrap": "self.version"
            },
            "type": "library",
            "extra": {
                "branch-alias": {
                    "dev-master": "3.3.x-dev"
                }
            },
            "notification-url": "https://packagist.org/downloads/",
            "license": [
                "MIT"
            ],
            "authors": [
                {
                    "name": "Jacob Thornton",
                    "email": "jacobthornton@gmail.com"
                },
                {
                    "name": "Mark Otto",
                    "email": "markdotto@gmail.com"
                }
            ],
            "description": "The most popular front-end framework for developing responsive, mobile first projects on the web.",
            "homepage": "https://getbootstrap.com",
            "keywords": [
                "JS",
                "css",
                "framework",
                "front-end",
                "mobile-first",
                "responsive",
                "sass",
                "web"
            ],
            "time": "2018-01-18T18:29:48+00:00"
        }
    ],
    "packages-dev": [],
    "aliases": [],
    "minimum-stability": "stable",
    "stability-flags": [],
    "prefer-stable": false,
    "prefer-lowest": false,
    "platform": [],
    "platform-dev": []
}
